// !$*UTF8*$!
{
	archiveVersion = 1;
	classes = {
	};
	objectVersion = 46;
	objects = {

/* Begin PBXBuildFile section */
		BE9964661824071800A9652C /* AdSupport.framework in Frameworks */ = {isa = PBXBuildFile; fileRef = BE9964651824071800A9652C /* AdSupport.framework */; };
		BE99646E18240A4E00A9652C /* SystemConfiguration.framework in Frameworks */ = {isa = PBXBuildFile; fileRef = BE99646D18240A4E00A9652C /* SystemConfiguration.framework */; };
		BE99647018240A5400A9652C /* QuartzCore.framework in Frameworks */ = {isa = PBXBuildFile; fileRef = BE99646F18240A5400A9652C /* QuartzCore.framework */; };
		BE9B25C0182550E20093E2B4 /* MBProgressHUD.m in Sources */ = {isa = PBXBuildFile; fileRef = BE9B25BF182550E20093E2B4 /* MBProgressHUD.m */; };
		BE9B25D6182554AE0093E2B4 /* AFHTTPClient.m in Sources */ = {isa = PBXBuildFile; fileRef = BE9B25C4182554AE0093E2B4 /* AFHTTPClient.m */; };
		BE9B25D7182554AE0093E2B4 /* AFHTTPRequestOperation.m in Sources */ = {isa = PBXBuildFile; fileRef = BE9B25C6182554AE0093E2B4 /* AFHTTPRequestOperation.m */; };
		BE9B25D8182554AE0093E2B4 /* AFImageRequestOperation.m in Sources */ = {isa = PBXBuildFile; fileRef = BE9B25C8182554AE0093E2B4 /* AFImageRequestOperation.m */; };
		BE9B25D9182554AE0093E2B4 /* AFJSONRequestOperation.m in Sources */ = {isa = PBXBuildFile; fileRef = BE9B25CA182554AE0093E2B4 /* AFJSONRequestOperation.m */; };
		BE9B25DA182554AE0093E2B4 /* AFNetworkActivityIndicatorManager.m in Sources */ = {isa = PBXBuildFile; fileRef = BE9B25CC182554AE0093E2B4 /* AFNetworkActivityIndicatorManager.m */; };
		BE9B25DB182554AE0093E2B4 /* AFPropertyListRequestOperation.m in Sources */ = {isa = PBXBuildFile; fileRef = BE9B25CF182554AE0093E2B4 /* AFPropertyListRequestOperation.m */; };
		BE9B25DC182554AE0093E2B4 /* AFURLConnectionOperation.m in Sources */ = {isa = PBXBuildFile; fileRef = BE9B25D1182554AE0093E2B4 /* AFURLConnectionOperation.m */; };
		BE9B25DD182554AE0093E2B4 /* AFXMLRequestOperation.m in Sources */ = {isa = PBXBuildFile; fileRef = BE9B25D3182554AE0093E2B4 /* AFXMLRequestOperation.m */; };
		BE9B25DE182554AE0093E2B4 /* UIImageView+AFNetworking.m in Sources */ = {isa = PBXBuildFile; fileRef = BE9B25D5182554AE0093E2B4 /* UIImageView+AFNetworking.m */; };
		BE9B25E4182554EA0093E2B4 /* APPEventViewController.m in Sources */ = {isa = PBXBuildFile; fileRef = BE9B25E1182554EA0093E2B4 /* APPEventViewController.m */; };
		BE9B25E5182554EA0093E2B4 /* APPMapViewController.m in Sources */ = {isa = PBXBuildFile; fileRef = BE9B25E3182554EA0093E2B4 /* APPMapViewController.m */; };
		BE9B25EB182555620093E2B4 /* APPTalkLab.m in Sources */ = {isa = PBXBuildFile; fileRef = BE9B25EA182555620093E2B4 /* APPTalkLab.m */; };
		BE9B25EE18255B270093E2B4 /* APPOtherEvents.m in Sources */ = {isa = PBXBuildFile; fileRef = BE9B25ED18255B270093E2B4 /* APPOtherEvents.m */; };
		BE9B25F1182567850093E2B4 /* APPAnnotation.m in Sources */ = {isa = PBXBuildFile; fileRef = BE9B25F0182567840093E2B4 /* APPAnnotation.m */; };
		BEAA7D2D180F4B8500276AA0 /* Foundation.framework in Frameworks */ = {isa = PBXBuildFile; fileRef = BEAA7D2C180F4B8500276AA0 /* Foundation.framework */; };
		BEAA7D2F180F4B8500276AA0 /* CoreGraphics.framework in Frameworks */ = {isa = PBXBuildFile; fileRef = BEAA7D2E180F4B8500276AA0 /* CoreGraphics.framework */; };
		BEAA7D31180F4B8500276AA0 /* UIKit.framework in Frameworks */ = {isa = PBXBuildFile; fileRef = BEAA7D30180F4B8500276AA0 /* UIKit.framework */; };
		BEAA7D37180F4B8500276AA0 /* InfoPlist.strings in Resources */ = {isa = PBXBuildFile; fileRef = BEAA7D35180F4B8500276AA0 /* InfoPlist.strings */; };
		BEAA7D39180F4B8500276AA0 /* main.m in Sources */ = {isa = PBXBuildFile; fileRef = BEAA7D38180F4B8500276AA0 /* main.m */; };
		BEAA7D3D180F4B8500276AA0 /* APPAppDelegate.m in Sources */ = {isa = PBXBuildFile; fileRef = BEAA7D3C180F4B8500276AA0 /* APPAppDelegate.m */; };
		BEAA7D40180F4B8500276AA0 /* Main.storyboard in Resources */ = {isa = PBXBuildFile; fileRef = BEAA7D3E180F4B8500276AA0 /* Main.storyboard */; };
		BEAA7D43180F4B8500276AA0 /* APPFirstViewController.m in Sources */ = {isa = PBXBuildFile; fileRef = BEAA7D42180F4B8500276AA0 /* APPFirstViewController.m */; };
		BEAA7D48180F4B8500276AA0 /* Images.xcassets in Resources */ = {isa = PBXBuildFile; fileRef = BEAA7D47180F4B8500276AA0 /* Images.xcassets */; };
		BEAA7D4F180F4B8500276AA0 /* XCTest.framework in Frameworks */ = {isa = PBXBuildFile; fileRef = BEAA7D4E180F4B8500276AA0 /* XCTest.framework */; };
		BEAA7D50180F4B8500276AA0 /* Foundation.framework in Frameworks */ = {isa = PBXBuildFile; fileRef = BEAA7D2C180F4B8500276AA0 /* Foundation.framework */; };
		BEAA7D51180F4B8500276AA0 /* UIKit.framework in Frameworks */ = {isa = PBXBuildFile; fileRef = BEAA7D30180F4B8500276AA0 /* UIKit.framework */; };
		BEAA7D59180F4B8500276AA0 /* InfoPlist.strings in Resources */ = {isa = PBXBuildFile; fileRef = BEAA7D57180F4B8500276AA0 /* InfoPlist.strings */; };
		BEAA7D5B180F4B8500276AA0 /* AppsterdamTests.m in Sources */ = {isa = PBXBuildFile; fileRef = BEAA7D5A180F4B8500276AA0 /* AppsterdamTests.m */; };
		BEAA7D86180F53C700276AA0 /* APPMeeUpCommunicator.m in Sources */ = {isa = PBXBuildFile; fileRef = BEAA7D85180F53C700276AA0 /* APPMeeUpCommunicator.m */; };
		BEAD231B180FCE6A0023E7BB /* APPEventsMangment.m in Sources */ = {isa = PBXBuildFile; fileRef = BEAD231A180FCE6A0023E7BB /* APPEventsMangment.m */; };
		BEAD231E180FCFE10023E7BB /* APPEventsViewController.m in Sources */ = {isa = PBXBuildFile; fileRef = BEAD231D180FCFE10023E7BB /* APPEventsViewController.m */; };
		BEAD2321180FD1CD0023E7BB /* APPWeeklyBeer.m in Sources */ = {isa = PBXBuildFile; fileRef = BEAD2320180FD1CD0023E7BB /* APPWeeklyBeer.m */; };
/* End PBXBuildFile section */

/* Begin PBXContainerItemProxy section */
		BEAA7D52180F4B8500276AA0 /* PBXContainerItemProxy */ = {
			isa = PBXContainerItemProxy;
			containerPortal = BEAA7D21180F4B8500276AA0 /* Project object */;
			proxyType = 1;
			remoteGlobalIDString = BEAA7D28180F4B8500276AA0;
			remoteInfo = Appsterdam;
		};
/* End PBXContainerItemProxy section */

/* Begin PBXFileReference section */
		BE186CBD182430B6009AA87E /* en */ = {isa = PBXFileReference; lastKnownFileType = text.plist.strings; name = en; path = en.lproj/Main.strings; sourceTree = "<group>"; };
		BE9964651824071800A9652C /* AdSupport.framework */ = {isa = PBXFileReference; lastKnownFileType = wrapper.framework; name = AdSupport.framework; path = System/Library/Frameworks/AdSupport.framework; sourceTree = SDKROOT; };
		BE99646D18240A4E00A9652C /* SystemConfiguration.framework */ = {isa = PBXFileReference; lastKnownFileType = wrapper.framework; name = SystemConfiguration.framework; path = System/Library/Frameworks/SystemConfiguration.framework; sourceTree = SDKROOT; };
		BE99646F18240A5400A9652C /* QuartzCore.framework */ = {isa = PBXFileReference; lastKnownFileType = wrapper.framework; name = QuartzCore.framework; path = System/Library/Frameworks/QuartzCore.framework; sourceTree = SDKROOT; };
		BE9B25BE182550E20093E2B4 /* MBProgressHUD.h */ = {isa = PBXFileReference; fileEncoding = 4; lastKnownFileType = sourcecode.c.h; name = MBProgressHUD.h; path = Classes/Tools/MBProgressHUD.h; sourceTree = "<group>"; };
		BE9B25BF182550E20093E2B4 /* MBProgressHUD.m */ = {isa = PBXFileReference; fileEncoding = 4; lastKnownFileType = sourcecode.c.objc; name = MBProgressHUD.m; path = Classes/Tools/MBProgressHUD.m; sourceTree = "<group>"; };
		BE9B25C3182554AE0093E2B4 /* AFHTTPClient.h */ = {isa = PBXFileReference; fileEncoding = 4; lastKnownFileType = sourcecode.c.h; path = AFHTTPClient.h; sourceTree = "<group>"; };
		BE9B25C4182554AE0093E2B4 /* AFHTTPClient.m */ = {isa = PBXFileReference; fileEncoding = 4; lastKnownFileType = sourcecode.c.objc; path = AFHTTPClient.m; sourceTree = "<group>"; };
		BE9B25C5182554AE0093E2B4 /* AFHTTPRequestOperation.h */ = {isa = PBXFileReference; fileEncoding = 4; lastKnownFileType = sourcecode.c.h; path = AFHTTPRequestOperation.h; sourceTree = "<group>"; };
		BE9B25C6182554AE0093E2B4 /* AFHTTPRequestOperation.m */ = {isa = PBXFileReference; fileEncoding = 4; lastKnownFileType = sourcecode.c.objc; path = AFHTTPRequestOperation.m; sourceTree = "<group>"; };
		BE9B25C7182554AE0093E2B4 /* AFImageRequestOperation.h */ = {isa = PBXFileReference; fileEncoding = 4; lastKnownFileType = sourcecode.c.h; path = AFImageRequestOperation.h; sourceTree = "<group>"; };
		BE9B25C8182554AE0093E2B4 /* AFImageRequestOperation.m */ = {isa = PBXFileReference; fileEncoding = 4; lastKnownFileType = sourcecode.c.objc; path = AFImageRequestOperation.m; sourceTree = "<group>"; };
		BE9B25C9182554AE0093E2B4 /* AFJSONRequestOperation.h */ = {isa = PBXFileReference; fileEncoding = 4; lastKnownFileType = sourcecode.c.h; path = AFJSONRequestOperation.h; sourceTree = "<group>"; };
		BE9B25CA182554AE0093E2B4 /* AFJSONRequestOperation.m */ = {isa = PBXFileReference; fileEncoding = 4; lastKnownFileType = sourcecode.c.objc; path = AFJSONRequestOperation.m; sourceTree = "<group>"; };
		BE9B25CB182554AE0093E2B4 /* AFNetworkActivityIndicatorManager.h */ = {isa = PBXFileReference; fileEncoding = 4; lastKnownFileType = sourcecode.c.h; path = AFNetworkActivityIndicatorManager.h; sourceTree = "<group>"; };
		BE9B25CC182554AE0093E2B4 /* AFNetworkActivityIndicatorManager.m */ = {isa = PBXFileReference; fileEncoding = 4; lastKnownFileType = sourcecode.c.objc; path = AFNetworkActivityIndicatorManager.m; sourceTree = "<group>"; };
		BE9B25CD182554AE0093E2B4 /* AFNetworking.h */ = {isa = PBXFileReference; fileEncoding = 4; lastKnownFileType = sourcecode.c.h; path = AFNetworking.h; sourceTree = "<group>"; };
		BE9B25CE182554AE0093E2B4 /* AFPropertyListRequestOperation.h */ = {isa = PBXFileReference; fileEncoding = 4; lastKnownFileType = sourcecode.c.h; path = AFPropertyListRequestOperation.h; sourceTree = "<group>"; };
		BE9B25CF182554AE0093E2B4 /* AFPropertyListRequestOperation.m */ = {isa = PBXFileReference; fileEncoding = 4; lastKnownFileType = sourcecode.c.objc; path = AFPropertyListRequestOperation.m; sourceTree = "<group>"; };
		BE9B25D0182554AE0093E2B4 /* AFURLConnectionOperation.h */ = {isa = PBXFileReference; fileEncoding = 4; lastKnownFileType = sourcecode.c.h; path = AFURLConnectionOperation.h; sourceTree = "<group>"; };
		BE9B25D1182554AE0093E2B4 /* AFURLConnectionOperation.m */ = {isa = PBXFileReference; fileEncoding = 4; lastKnownFileType = sourcecode.c.objc; path = AFURLConnectionOperation.m; sourceTree = "<group>"; };
		BE9B25D2182554AE0093E2B4 /* AFXMLRequestOperation.h */ = {isa = PBXFileReference; fileEncoding = 4; lastKnownFileType = sourcecode.c.h; path = AFXMLRequestOperation.h; sourceTree = "<group>"; };
		BE9B25D3182554AE0093E2B4 /* AFXMLRequestOperation.m */ = {isa = PBXFileReference; fileEncoding = 4; lastKnownFileType = sourcecode.c.objc; path = AFXMLRequestOperation.m; sourceTree = "<group>"; };
		BE9B25D4182554AE0093E2B4 /* UIImageView+AFNetworking.h */ = {isa = PBXFileReference; fileEncoding = 4; lastKnownFileType = sourcecode.c.h; path = "UIImageView+AFNetworking.h"; sourceTree = "<group>"; };
		BE9B25D5182554AE0093E2B4 /* UIImageView+AFNetworking.m */ = {isa = PBXFileReference; fileEncoding = 4; lastKnownFileType = sourcecode.c.objc; path = "UIImageView+AFNetworking.m"; sourceTree = "<group>"; };
		BE9B25E0182554EA0093E2B4 /* APPEventViewController.h */ = {isa = PBXFileReference; fileEncoding = 4; lastKnownFileType = sourcecode.c.h; path = APPEventViewController.h; sourceTree = "<group>"; };
		BE9B25E1182554EA0093E2B4 /* APPEventViewController.m */ = {isa = PBXFileReference; fileEncoding = 4; lastKnownFileType = sourcecode.c.objc; path = APPEventViewController.m; sourceTree = "<group>"; };
		BE9B25E2182554EA0093E2B4 /* APPMapViewController.h */ = {isa = PBXFileReference; fileEncoding = 4; lastKnownFileType = sourcecode.c.h; path = APPMapViewController.h; sourceTree = "<group>"; };
		BE9B25E3182554EA0093E2B4 /* APPMapViewController.m */ = {isa = PBXFileReference; fileEncoding = 4; lastKnownFileType = sourcecode.c.objc; path = APPMapViewController.m; sourceTree = "<group>"; };
		BE9B25E9182555620093E2B4 /* APPTalkLab.h */ = {isa = PBXFileReference; fileEncoding = 4; lastKnownFileType = sourcecode.c.h; name = APPTalkLab.h; path = Classes/APPTalkLab.h; sourceTree = "<group>"; };
		BE9B25EA182555620093E2B4 /* APPTalkLab.m */ = {isa = PBXFileReference; fileEncoding = 4; lastKnownFileType = sourcecode.c.objc; name = APPTalkLab.m; path = Classes/APPTalkLab.m; sourceTree = "<group>"; };
		BE9B25EC18255B270093E2B4 /* APPOtherEvents.h */ = {isa = PBXFileReference; fileEncoding = 4; lastKnownFileType = sourcecode.c.h; name = APPOtherEvents.h; path = Classes/APPOtherEvents.h; sourceTree = "<group>"; };
		BE9B25ED18255B270093E2B4 /* APPOtherEvents.m */ = {isa = PBXFileReference; fileEncoding = 4; lastKnownFileType = sourcecode.c.objc; name = APPOtherEvents.m; path = Classes/APPOtherEvents.m; sourceTree = "<group>"; };
		BE9B25EF182567840093E2B4 /* APPAnnotation.h */ = {isa = PBXFileReference; fileEncoding = 4; lastKnownFileType = sourcecode.c.h; path = APPAnnotation.h; sourceTree = "<group>"; };
		BE9B25F0182567840093E2B4 /* APPAnnotation.m */ = {isa = PBXFileReference; fileEncoding = 4; lastKnownFileType = sourcecode.c.objc; path = APPAnnotation.m; sourceTree = "<group>"; };
		BEAA7D29180F4B8500276AA0 /* Appsterdam.app */ = {isa = PBXFileReference; explicitFileType = wrapper.application; includeInIndex = 0; path = Appsterdam.app; sourceTree = BUILT_PRODUCTS_DIR; };
		BEAA7D2C180F4B8500276AA0 /* Foundation.framework */ = {isa = PBXFileReference; lastKnownFileType = wrapper.framework; name = Foundation.framework; path = System/Library/Frameworks/Foundation.framework; sourceTree = SDKROOT; };
		BEAA7D2E180F4B8500276AA0 /* CoreGraphics.framework */ = {isa = PBXFileReference; lastKnownFileType = wrapper.framework; name = CoreGraphics.framework; path = System/Library/Frameworks/CoreGraphics.framework; sourceTree = SDKROOT; };
		BEAA7D30180F4B8500276AA0 /* UIKit.framework */ = {isa = PBXFileReference; lastKnownFileType = wrapper.framework; name = UIKit.framework; path = System/Library/Frameworks/UIKit.framework; sourceTree = SDKROOT; };
		BEAA7D34180F4B8500276AA0 /* Appsterdam-Info.plist */ = {isa = PBXFileReference; lastKnownFileType = text.plist.xml; path = "Appsterdam-Info.plist"; sourceTree = "<group>"; };
		BEAA7D36180F4B8500276AA0 /* en */ = {isa = PBXFileReference; lastKnownFileType = text.plist.strings; name = en; path = en.lproj/InfoPlist.strings; sourceTree = "<group>"; };
		BEAA7D38180F4B8500276AA0 /* main.m */ = {isa = PBXFileReference; lastKnownFileType = sourcecode.c.objc; path = main.m; sourceTree = "<group>"; };
		BEAA7D3A180F4B8500276AA0 /* Appsterdam-Prefix.pch */ = {isa = PBXFileReference; lastKnownFileType = sourcecode.c.h; path = "Appsterdam-Prefix.pch"; sourceTree = "<group>"; };
		BEAA7D3B180F4B8500276AA0 /* APPAppDelegate.h */ = {isa = PBXFileReference; lastKnownFileType = sourcecode.c.h; path = APPAppDelegate.h; sourceTree = "<group>"; };
		BEAA7D3C180F4B8500276AA0 /* APPAppDelegate.m */ = {isa = PBXFileReference; lastKnownFileType = sourcecode.c.objc; path = APPAppDelegate.m; sourceTree = "<group>"; };
		BEAA7D3F180F4B8500276AA0 /* Base */ = {isa = PBXFileReference; lastKnownFileType = file.storyboard; name = Base; path = Base.lproj/Main.storyboard; sourceTree = "<group>"; };
		BEAA7D41180F4B8500276AA0 /* APPFirstViewController.h */ = {isa = PBXFileReference; lastKnownFileType = sourcecode.c.h; path = APPFirstViewController.h; sourceTree = "<group>"; };
		BEAA7D42180F4B8500276AA0 /* APPFirstViewController.m */ = {isa = PBXFileReference; lastKnownFileType = sourcecode.c.objc; path = APPFirstViewController.m; sourceTree = "<group>"; };
		BEAA7D47180F4B8500276AA0 /* Images.xcassets */ = {isa = PBXFileReference; lastKnownFileType = folder.assetcatalog; path = Images.xcassets; sourceTree = "<group>"; };
		BEAA7D4D180F4B8500276AA0 /* AppsterdamTests.xctest */ = {isa = PBXFileReference; explicitFileType = wrapper.cfbundle; includeInIndex = 0; path = AppsterdamTests.xctest; sourceTree = BUILT_PRODUCTS_DIR; };
		BEAA7D4E180F4B8500276AA0 /* XCTest.framework */ = {isa = PBXFileReference; lastKnownFileType = wrapper.framework; name = XCTest.framework; path = Library/Frameworks/XCTest.framework; sourceTree = DEVELOPER_DIR; };
		BEAA7D56180F4B8500276AA0 /* AppsterdamTests-Info.plist */ = {isa = PBXFileReference; lastKnownFileType = text.plist.xml; path = "AppsterdamTests-Info.plist"; sourceTree = "<group>"; };
		BEAA7D58180F4B8500276AA0 /* en */ = {isa = PBXFileReference; lastKnownFileType = text.plist.strings; name = en; path = en.lproj/InfoPlist.strings; sourceTree = "<group>"; };
		BEAA7D5A180F4B8500276AA0 /* AppsterdamTests.m */ = {isa = PBXFileReference; lastKnownFileType = sourcecode.c.objc; path = AppsterdamTests.m; sourceTree = "<group>"; };
		BEAA7D81180F52FE00276AA0 /* it */ = {isa = PBXFileReference; lastKnownFileType = text.plist.strings; name = it; path = it.lproj/Main.strings; sourceTree = "<group>"; };
		BEAA7D82180F52FE00276AA0 /* it */ = {isa = PBXFileReference; lastKnownFileType = text.plist.strings; name = it; path = it.lproj/InfoPlist.strings; sourceTree = "<group>"; };
		BEAA7D83180F52FE00276AA0 /* it */ = {isa = PBXFileReference; lastKnownFileType = text.plist.strings; name = it; path = it.lproj/InfoPlist.strings; sourceTree = "<group>"; };
		BEAA7D84180F53C700276AA0 /* APPMeeUpCommunicator.h */ = {isa = PBXFileReference; fileEncoding = 4; lastKnownFileType = sourcecode.c.h; name = APPMeeUpCommunicator.h; path = Classes/APPMeeUpCommunicator.h; sourceTree = "<group>"; };
		BEAA7D85180F53C700276AA0 /* APPMeeUpCommunicator.m */ = {isa = PBXFileReference; fileEncoding = 4; lastKnownFileType = sourcecode.c.objc; name = APPMeeUpCommunicator.m; path = Classes/APPMeeUpCommunicator.m; sourceTree = "<group>"; };
		BEAD2319180FCE6A0023E7BB /* APPEventsMangment.h */ = {isa = PBXFileReference; fileEncoding = 4; lastKnownFileType = sourcecode.c.h; name = APPEventsMangment.h; path = Classes/APPEventsMangment.h; sourceTree = "<group>"; };
		BEAD231A180FCE6A0023E7BB /* APPEventsMangment.m */ = {isa = PBXFileReference; fileEncoding = 4; lastKnownFileType = sourcecode.c.objc; name = APPEventsMangment.m; path = Classes/APPEventsMangment.m; sourceTree = "<group>"; };
		BEAD231C180FCFE10023E7BB /* APPEventsViewController.h */ = {isa = PBXFileReference; fileEncoding = 4; lastKnownFileType = sourcecode.c.h; path = APPEventsViewController.h; sourceTree = "<group>"; };
		BEAD231D180FCFE10023E7BB /* APPEventsViewController.m */ = {isa = PBXFileReference; fileEncoding = 4; lastKnownFileType = sourcecode.c.objc; path = APPEventsViewController.m; sourceTree = "<group>"; };
		BEAD231F180FD1CD0023E7BB /* APPWeeklyBeer.h */ = {isa = PBXFileReference; fileEncoding = 4; lastKnownFileType = sourcecode.c.h; name = APPWeeklyBeer.h; path = Classes/APPWeeklyBeer.h; sourceTree = "<group>"; };
		BEAD2320180FD1CD0023E7BB /* APPWeeklyBeer.m */ = {isa = PBXFileReference; fileEncoding = 4; lastKnownFileType = sourcecode.c.objc; name = APPWeeklyBeer.m; path = Classes/APPWeeklyBeer.m; sourceTree = "<group>"; };
/* End PBXFileReference section */

/* Begin PBXFrameworksBuildPhase section */
		BEAA7D26180F4B8500276AA0 /* Frameworks */ = {
			isa = PBXFrameworksBuildPhase;
			buildActionMask = 2147483647;
			files = (
				BE99647018240A5400A9652C /* QuartzCore.framework in Frameworks */,
				BE99646E18240A4E00A9652C /* SystemConfiguration.framework in Frameworks */,
				BE9964661824071800A9652C /* AdSupport.framework in Frameworks */,
				BEAA7D2F180F4B8500276AA0 /* CoreGraphics.framework in Frameworks */,
				BEAA7D31180F4B8500276AA0 /* UIKit.framework in Frameworks */,
				BEAA7D2D180F4B8500276AA0 /* Foundation.framework in Frameworks */,
			);
			runOnlyForDeploymentPostprocessing = 0;
		};
		BEAA7D4A180F4B8500276AA0 /* Frameworks */ = {
			isa = PBXFrameworksBuildPhase;
			buildActionMask = 2147483647;
			files = (
				BEAA7D4F180F4B8500276AA0 /* XCTest.framework in Frameworks */,
				BEAA7D51180F4B8500276AA0 /* UIKit.framework in Frameworks */,
				BEAA7D50180F4B8500276AA0 /* Foundation.framework in Frameworks */,
			);
			runOnlyForDeploymentPostprocessing = 0;
		};
/* End PBXFrameworksBuildPhase section */

/* Begin PBXGroup section */
		BE9B25C1182554810093E2B4 /* Tools */ = {
			isa = PBXGroup;
			children = (
				BE9B25C2182554AE0093E2B4 /* AFNetworking */,
				BE9B25BE182550E20093E2B4 /* MBProgressHUD.h */,
				BE9B25BF182550E20093E2B4 /* MBProgressHUD.m */,
			);
			name = Tools;
			sourceTree = "<group>";
		};
		BE9B25C2182554AE0093E2B4 /* AFNetworking */ = {
			isa = PBXGroup;
			children = (
				BE9B25C3182554AE0093E2B4 /* AFHTTPClient.h */,
				BE9B25C4182554AE0093E2B4 /* AFHTTPClient.m */,
				BE9B25C5182554AE0093E2B4 /* AFHTTPRequestOperation.h */,
				BE9B25C6182554AE0093E2B4 /* AFHTTPRequestOperation.m */,
				BE9B25C7182554AE0093E2B4 /* AFImageRequestOperation.h */,
				BE9B25C8182554AE0093E2B4 /* AFImageRequestOperation.m */,
				BE9B25C9182554AE0093E2B4 /* AFJSONRequestOperation.h */,
				BE9B25CA182554AE0093E2B4 /* AFJSONRequestOperation.m */,
				BE9B25CB182554AE0093E2B4 /* AFNetworkActivityIndicatorManager.h */,
				BE9B25CC182554AE0093E2B4 /* AFNetworkActivityIndicatorManager.m */,
				BE9B25CD182554AE0093E2B4 /* AFNetworking.h */,
				BE9B25CE182554AE0093E2B4 /* AFPropertyListRequestOperation.h */,
				BE9B25CF182554AE0093E2B4 /* AFPropertyListRequestOperation.m */,
				BE9B25D0182554AE0093E2B4 /* AFURLConnectionOperation.h */,
				BE9B25D1182554AE0093E2B4 /* AFURLConnectionOperation.m */,
				BE9B25D2182554AE0093E2B4 /* AFXMLRequestOperation.h */,
				BE9B25D3182554AE0093E2B4 /* AFXMLRequestOperation.m */,
				BE9B25D4182554AE0093E2B4 /* UIImageView+AFNetworking.h */,
				BE9B25D5182554AE0093E2B4 /* UIImageView+AFNetworking.m */,
			);
			name = AFNetworking;
			path = Classes/Tools/AFNetworking;
			sourceTree = "<group>";
		};
		BE9B25DF182554EA0093E2B4 /* Single Event */ = {
			isa = PBXGroup;
			children = (
				BE9B25E0182554EA0093E2B4 /* APPEventViewController.h */,
				BE9B25E1182554EA0093E2B4 /* APPEventViewController.m */,
				BE9B25E2182554EA0093E2B4 /* APPMapViewController.h */,
				BE9B25E3182554EA0093E2B4 /* APPMapViewController.m */,
				BE9B25EF182567840093E2B4 /* APPAnnotation.h */,
				BE9B25F0182567840093E2B4 /* APPAnnotation.m */,
			);
			name = "Single Event";
			path = "Classes/Single Event";
			sourceTree = "<group>";
		};
		BEAA7D20180F4B8500276AA0 = {
			isa = PBXGroup;
			children = (
				BEAA7D32180F4B8500276AA0 /* Appsterdam */,
				BEAA7D54180F4B8500276AA0 /* AppsterdamTests */,
				BEAA7D2B180F4B8500276AA0 /* Frameworks */,
				BEAA7D2A180F4B8500276AA0 /* Products */,
			);
			sourceTree = "<group>";
		};
		BEAA7D2A180F4B8500276AA0 /* Products */ = {
			isa = PBXGroup;
			children = (
				BEAA7D29180F4B8500276AA0 /* Appsterdam.app */,
				BEAA7D4D180F4B8500276AA0 /* AppsterdamTests.xctest */,
			);
			name = Products;
			sourceTree = "<group>";
		};
		BEAA7D2B180F4B8500276AA0 /* Frameworks */ = {
			isa = PBXGroup;
			children = (
				BE99646F18240A5400A9652C /* QuartzCore.framework */,
				BE99646D18240A4E00A9652C /* SystemConfiguration.framework */,
				BE9964651824071800A9652C /* AdSupport.framework */,
				BEAA7D2C180F4B8500276AA0 /* Foundation.framework */,
				BEAA7D2E180F4B8500276AA0 /* CoreGraphics.framework */,
				BEAA7D30180F4B8500276AA0 /* UIKit.framework */,
				BEAA7D4E180F4B8500276AA0 /* XCTest.framework */,
			);
			name = Frameworks;
			sourceTree = "<group>";
		};
		BEAA7D32180F4B8500276AA0 /* Appsterdam */ = {
			isa = PBXGroup;
			children = (
				BEAA7D3B180F4B8500276AA0 /* APPAppDelegate.h */,
				BEAA7D3C180F4B8500276AA0 /* APPAppDelegate.m */,
				BEAA7D41180F4B8500276AA0 /* APPFirstViewController.h */,
				BEAA7D42180F4B8500276AA0 /* APPFirstViewController.m */,
				BEAD231C180FCFE10023E7BB /* APPEventsViewController.h */,
				BEAD231D180FCFE10023E7BB /* APPEventsViewController.m */,
				BEAA7D3E180F4B8500276AA0 /* Main.storyboard */,
				BEAA7D47180F4B8500276AA0 /* Images.xcassets */,
				BEAA7D33180F4B8500276AA0 /* Supporting Files */,
				BEAD2318180FCE4D0023E7BB /* Classes */,
			);
			path = Appsterdam;
			sourceTree = "<group>";
		};
		BEAA7D33180F4B8500276AA0 /* Supporting Files */ = {
			isa = PBXGroup;
			children = (
				BEAA7D34180F4B8500276AA0 /* Appsterdam-Info.plist */,
				BEAA7D35180F4B8500276AA0 /* InfoPlist.strings */,
				BEAA7D38180F4B8500276AA0 /* main.m */,
				BEAA7D3A180F4B8500276AA0 /* Appsterdam-Prefix.pch */,
			);
			name = "Supporting Files";
			sourceTree = "<group>";
		};
		BEAA7D54180F4B8500276AA0 /* AppsterdamTests */ = {
			isa = PBXGroup;
			children = (
				BEAA7D5A180F4B8500276AA0 /* AppsterdamTests.m */,
				BEAA7D55180F4B8500276AA0 /* Supporting Files */,
			);
			path = AppsterdamTests;
			sourceTree = "<group>";
		};
		BEAA7D55180F4B8500276AA0 /* Supporting Files */ = {
			isa = PBXGroup;
			children = (
				BEAA7D56180F4B8500276AA0 /* AppsterdamTests-Info.plist */,
				BEAA7D57180F4B8500276AA0 /* InfoPlist.strings */,
			);
			name = "Supporting Files";
			sourceTree = "<group>";
		};
		BEAD2318180FCE4D0023E7BB /* Classes */ = {
			isa = PBXGroup;
			children = (
				BE9B25DF182554EA0093E2B4 /* Single Event */,
				BE9B25C1182554810093E2B4 /* Tools */,
				BEAA7D84180F53C700276AA0 /* APPMeeUpCommunicator.h */,
				BEAA7D85180F53C700276AA0 /* APPMeeUpCommunicator.m */,
				BEAD2319180FCE6A0023E7BB /* APPEventsMangment.h */,
				BEAD231A180FCE6A0023E7BB /* APPEventsMangment.m */,
				BEAD231F180FD1CD0023E7BB /* APPWeeklyBeer.h */,
				BEAD2320180FD1CD0023E7BB /* APPWeeklyBeer.m */,
				BE9B25E9182555620093E2B4 /* APPTalkLab.h */,
				BE9B25EA182555620093E2B4 /* APPTalkLab.m */,
				BE9B25EC18255B270093E2B4 /* APPOtherEvents.h */,
				BE9B25ED18255B270093E2B4 /* APPOtherEvents.m */,
			);
			name = Classes;
			sourceTree = "<group>";
		};
/* End PBXGroup section */

/* Begin PBXNativeTarget section */
		BEAA7D28180F4B8500276AA0 /* Appsterdam */ = {
			isa = PBXNativeTarget;
			buildConfigurationList = BEAA7D5E180F4B8500276AA0 /* Build configuration list for PBXNativeTarget "Appsterdam" */;
			buildPhases = (
				BEAA7D25180F4B8500276AA0 /* Sources */,
				BEAA7D26180F4B8500276AA0 /* Frameworks */,
				BEAA7D27180F4B8500276AA0 /* Resources */,
			);
			buildRules = (
			);
			dependencies = (
			);
			name = Appsterdam;
			productName = Appsterdam;
			productReference = BEAA7D29180F4B8500276AA0 /* Appsterdam.app */;
			productType = "com.apple.product-type.application";
		};
		BEAA7D4C180F4B8500276AA0 /* AppsterdamTests */ = {
			isa = PBXNativeTarget;
			buildConfigurationList = BEAA7D61180F4B8500276AA0 /* Build configuration list for PBXNativeTarget "AppsterdamTests" */;
			buildPhases = (
				BEAA7D49180F4B8500276AA0 /* Sources */,
				BEAA7D4A180F4B8500276AA0 /* Frameworks */,
				BEAA7D4B180F4B8500276AA0 /* Resources */,
			);
			buildRules = (
			);
			dependencies = (
				BEAA7D53180F4B8500276AA0 /* PBXTargetDependency */,
			);
			name = AppsterdamTests;
			productName = AppsterdamTests;
			productReference = BEAA7D4D180F4B8500276AA0 /* AppsterdamTests.xctest */;
			productType = "com.apple.product-type.bundle.unit-test";
		};
/* End PBXNativeTarget section */

/* Begin PBXProject section */
		BEAA7D21180F4B8500276AA0 /* Project object */ = {
			isa = PBXProject;
			attributes = {
				CLASSPREFIX = APP;
				LastUpgradeCheck = 0500;
				ORGANIZATIONNAME = "Alessio Roberto";
				TargetAttributes = {
					BEAA7D4C180F4B8500276AA0 = {
						TestTargetID = BEAA7D28180F4B8500276AA0;
					};
				};
			};
			buildConfigurationList = BEAA7D24180F4B8500276AA0 /* Build configuration list for PBXProject "Appsterdam" */;
			compatibilityVersion = "Xcode 3.2";
			developmentRegion = English;
			hasScannedForEncodings = 0;
			knownRegions = (
				en,
				Base,
				it,
			);
			mainGroup = BEAA7D20180F4B8500276AA0;
			productRefGroup = BEAA7D2A180F4B8500276AA0 /* Products */;
			projectDirPath = "";
			projectRoot = "";
			targets = (
				BEAA7D28180F4B8500276AA0 /* Appsterdam */,
				BEAA7D4C180F4B8500276AA0 /* AppsterdamTests */,
			);
		};
/* End PBXProject section */

/* Begin PBXResourcesBuildPhase section */
		BEAA7D27180F4B8500276AA0 /* Resources */ = {
			isa = PBXResourcesBuildPhase;
			buildActionMask = 2147483647;
			files = (
				BEAA7D48180F4B8500276AA0 /* Images.xcassets in Resources */,
				BEAA7D37180F4B8500276AA0 /* InfoPlist.strings in Resources */,
				BEAA7D40180F4B8500276AA0 /* Main.storyboard in Resources */,
			);
			runOnlyForDeploymentPostprocessing = 0;
		};
		BEAA7D4B180F4B8500276AA0 /* Resources */ = {
			isa = PBXResourcesBuildPhase;
			buildActionMask = 2147483647;
			files = (
				BEAA7D59180F4B8500276AA0 /* InfoPlist.strings in Resources */,
			);
			runOnlyForDeploymentPostprocessing = 0;
		};
/* End PBXResourcesBuildPhase section */

/* Begin PBXSourcesBuildPhase section */
		BEAA7D25180F4B8500276AA0 /* Sources */ = {
			isa = PBXSourcesBuildPhase;
			buildActionMask = 2147483647;
			files = (
				BE9B25D7182554AE0093E2B4 /* AFHTTPRequestOperation.m in Sources */,
				BEAD231B180FCE6A0023E7BB /* APPEventsMangment.m in Sources */,
				BE9B25C0182550E20093E2B4 /* MBProgressHUD.m in Sources */,
				BEAA7D86180F53C700276AA0 /* APPMeeUpCommunicator.m in Sources */,
				BEAD231E180FCFE10023E7BB /* APPEventsViewController.m in Sources */,
				BEAD2321180FD1CD0023E7BB /* APPWeeklyBeer.m in Sources */,
				BE9B25F1182567850093E2B4 /* APPAnnotation.m in Sources */,
				BEAA7D3D180F4B8500276AA0 /* APPAppDelegate.m in Sources */,
				BEAA7D43180F4B8500276AA0 /* APPFirstViewController.m in Sources */,
				BE9B25DE182554AE0093E2B4 /* UIImageView+AFNetworking.m in Sources */,
				BE9B25DC182554AE0093E2B4 /* AFURLConnectionOperation.m in Sources */,
				BE9B25EE18255B270093E2B4 /* APPOtherEvents.m in Sources */,
				BE9B25DD182554AE0093E2B4 /* AFXMLRequestOperation.m in Sources */,
				BE9B25E4182554EA0093E2B4 /* APPEventViewController.m in Sources */,
				BE9B25D8182554AE0093E2B4 /* AFImageRequestOperation.m in Sources */,
				BE9B25DB182554AE0093E2B4 /* AFPropertyListRequestOperation.m in Sources */,
				BE9B25D9182554AE0093E2B4 /* AFJSONRequestOperation.m in Sources */,
				BEAA7D39180F4B8500276AA0 /* main.m in Sources */,
				BE9B25E5182554EA0093E2B4 /* APPMapViewController.m in Sources */,
				BE9B25D6182554AE0093E2B4 /* AFHTTPClient.m in Sources */,
				BE9B25DA182554AE0093E2B4 /* AFNetworkActivityIndicatorManager.m in Sources */,
				BE9B25EB182555620093E2B4 /* APPTalkLab.m in Sources */,
			);
			runOnlyForDeploymentPostprocessing = 0;
		};
		BEAA7D49180F4B8500276AA0 /* Sources */ = {
			isa = PBXSourcesBuildPhase;
			buildActionMask = 2147483647;
			files = (
				BEAA7D5B180F4B8500276AA0 /* AppsterdamTests.m in Sources */,
			);
			runOnlyForDeploymentPostprocessing = 0;
		};
/* End PBXSourcesBuildPhase section */

/* Begin PBXTargetDependency section */
		BEAA7D53180F4B8500276AA0 /* PBXTargetDependency */ = {
			isa = PBXTargetDependency;
			target = BEAA7D28180F4B8500276AA0 /* Appsterdam */;
			targetProxy = BEAA7D52180F4B8500276AA0 /* PBXContainerItemProxy */;
		};
/* End PBXTargetDependency section */

/* Begin PBXVariantGroup section */
		BEAA7D35180F4B8500276AA0 /* InfoPlist.strings */ = {
			isa = PBXVariantGroup;
			children = (
				BEAA7D36180F4B8500276AA0 /* en */,
				BEAA7D82180F52FE00276AA0 /* it */,
			);
			name = InfoPlist.strings;
			sourceTree = "<group>";
		};
		BEAA7D3E180F4B8500276AA0 /* Main.storyboard */ = {
			isa = PBXVariantGroup;
			children = (
				BEAA7D3F180F4B8500276AA0 /* Base */,
				BEAA7D81180F52FE00276AA0 /* it */,
				BE186CBD182430B6009AA87E /* en */,
			);
			name = Main.storyboard;
			sourceTree = "<group>";
		};
		BEAA7D57180F4B8500276AA0 /* InfoPlist.strings */ = {
			isa = PBXVariantGroup;
			children = (
				BEAA7D58180F4B8500276AA0 /* en */,
				BEAA7D83180F52FE00276AA0 /* it */,
			);
			name = InfoPlist.strings;
			sourceTree = "<group>";
		};
/* End PBXVariantGroup section */

/* Begin XCBuildConfiguration section */
		BEAA7D5C180F4B8500276AA0 /* Debug */ = {
			isa = XCBuildConfiguration;
			buildSettings = {
				ALWAYS_SEARCH_USER_PATHS = NO;
				ARCHS = "$(ARCHS_STANDARD)";
				CLANG_CXX_LANGUAGE_STANDARD = "gnu++0x";
				CLANG_CXX_LIBRARY = "libc++";
				CLANG_ENABLE_MODULES = YES;
				CLANG_ENABLE_OBJC_ARC = YES;
				CLANG_WARN_BOOL_CONVERSION = YES;
				CLANG_WARN_CONSTANT_CONVERSION = YES;
				CLANG_WARN_DIRECT_OBJC_ISA_USAGE = YES_ERROR;
				CLANG_WARN_EMPTY_BODY = YES;
				CLANG_WARN_ENUM_CONVERSION = YES;
				CLANG_WARN_INT_CONVERSION = YES;
				CLANG_WARN_OBJC_ROOT_CLASS = YES_ERROR;
				CLANG_WARN__DUPLICATE_METHOD_MATCH = YES;
				"CODE_SIGN_IDENTITY[sdk=iphoneos*]" = "iPhone Developer";
				COPY_PHASE_STRIP = NO;
				GCC_C_LANGUAGE_STANDARD = gnu99;
				GCC_DYNAMIC_NO_PIC = NO;
				GCC_OPTIMIZATION_LEVEL = 0;
				GCC_PREPROCESSOR_DEFINITIONS = (
					"DEBUG=1",
					"$(inherited)",
				);
				GCC_SYMBOLS_PRIVATE_EXTERN = NO;
				GCC_WARN_64_TO_32_BIT_CONVERSION = YES;
				GCC_WARN_ABOUT_RETURN_TYPE = YES_ERROR;
				GCC_WARN_UNDECLARED_SELECTOR = YES;
				GCC_WARN_UNINITIALIZED_AUTOS = YES;
				GCC_WARN_UNUSED_FUNCTION = YES;
				GCC_WARN_UNUSED_VARIABLE = YES;
				IPHONEOS_DEPLOYMENT_TARGET = 7.0;
				ONLY_ACTIVE_ARCH = YES;
				SDKROOT = iphoneos;
			};
			name = Debug;
		};
		BEAA7D5D180F4B8500276AA0 /* Release */ = {
			isa = XCBuildConfiguration;
			buildSettings = {
				ALWAYS_SEARCH_USER_PATHS = NO;
				ARCHS = "$(ARCHS_STANDARD)";
				CLANG_CXX_LANGUAGE_STANDARD = "gnu++0x";
				CLANG_CXX_LIBRARY = "libc++";
				CLANG_ENABLE_MODULES = YES;
				CLANG_ENABLE_OBJC_ARC = YES;
				CLANG_WARN_BOOL_CONVERSION = YES;
				CLANG_WARN_CONSTANT_CONVERSION = YES;
				CLANG_WARN_DIRECT_OBJC_ISA_USAGE = YES_ERROR;
				CLANG_WARN_EMPTY_BODY = YES;
				CLANG_WARN_ENUM_CONVERSION = YES;
				CLANG_WARN_INT_CONVERSION = YES;
				CLANG_WARN_OBJC_ROOT_CLASS = YES_ERROR;
				CLANG_WARN__DUPLICATE_METHOD_MATCH = YES;
				"CODE_SIGN_IDENTITY[sdk=iphoneos*]" = "iPhone Developer";
				COPY_PHASE_STRIP = YES;
				ENABLE_NS_ASSERTIONS = NO;
				GCC_C_LANGUAGE_STANDARD = gnu99;
				GCC_WARN_64_TO_32_BIT_CONVERSION = YES;
				GCC_WARN_ABOUT_RETURN_TYPE = YES_ERROR;
				GCC_WARN_UNDECLARED_SELECTOR = YES;
				GCC_WARN_UNINITIALIZED_AUTOS = YES;
				GCC_WARN_UNUSED_FUNCTION = YES;
				GCC_WARN_UNUSED_VARIABLE = YES;
				IPHONEOS_DEPLOYMENT_TARGET = 7.0;
				SDKROOT = iphoneos;
				VALIDATE_PRODUCT = YES;
			};
			name = Release;
		};
		BEAA7D5F180F4B8500276AA0 /* Debug */ = {
			isa = XCBuildConfiguration;
			buildSettings = {
				ASSETCATALOG_COMPILER_APPICON_NAME = AppIcon;
				ASSETCATALOG_COMPILER_LAUNCHIMAGE_NAME = LaunchImage;
				FRAMEWORK_SEARCH_PATHS = (
					"$(inherited)",
					/Users/darth/Dropbox/Progetti/Appsterdam/VeespoFramework.embeddedframework,
				);
				GCC_PRECOMPILE_PREFIX_HEADER = YES;
				GCC_PREFIX_HEADER = "Appsterdam/Appsterdam-Prefix.pch";
				INFOPLIST_FILE = "Appsterdam/Appsterdam-Info.plist";
				IPHONEOS_DEPLOYMENT_TARGET = 7.0;
				PRODUCT_NAME = "$(TARGET_NAME)";
				WRAPPER_EXTENSION = app;
			};
			name = Debug;
		};
		BEAA7D60180F4B8500276AA0 /* Release */ = {
			isa = XCBuildConfiguration;
			buildSettings = {
				ASSETCATALOG_COMPILER_APPICON_NAME = AppIcon;
				ASSETCATALOG_COMPILER_LAUNCHIMAGE_NAME = LaunchImage;
				FRAMEWORK_SEARCH_PATHS = (
					"$(inherited)",
					/Users/darth/Dropbox/Progetti/Appsterdam/VeespoFramework.embeddedframework,
				);
				GCC_PRECOMPILE_PREFIX_HEADER = YES;
				GCC_PREFIX_HEADER = "Appsterdam/Appsterdam-Prefix.pch";
				INFOPLIST_FILE = "Appsterdam/Appsterdam-Info.plist";
				IPHONEOS_DEPLOYMENT_TARGET = 7.0;
				PRODUCT_NAME = "$(TARGET_NAME)";
				WRAPPER_EXTENSION = app;
			};
			name = Release;
		};
		BEAA7D62180F4B8500276AA0 /* Debug */ = {
			isa = XCBuildConfiguration;
			buildSettings = {
				ARCHS = "$(ARCHS_STANDARD_INCLUDING_64_BIT)";
				BUNDLE_LOADER = "$(BUILT_PRODUCTS_DIR)/Appsterdam.app/Appsterdam";
				FRAMEWORK_SEARCH_PATHS = (
					"$(SDKROOT)/Developer/Library/Frameworks",
					"$(inherited)",
					"$(DEVELOPER_FRAMEWORKS_DIR)",
				);
				GCC_PRECOMPILE_PREFIX_HEADER = YES;
				GCC_PREFIX_HEADER = "Appsterdam/Appsterdam-Prefix.pch";
				GCC_PREPROCESSOR_DEFINITIONS = (
					"DEBUG=1",
					"$(inherited)",
				);
				INFOPLIST_FILE = "AppsterdamTests/AppsterdamTests-Info.plist";
				PRODUCT_NAME = "$(TARGET_NAME)";
				TEST_HOST = "$(BUNDLE_LOADER)";
				WRAPPER_EXTENSION = xctest;
			};
			name = Debug;
		};
		BEAA7D63180F4B8500276AA0 /* Release */ = {
			isa = XCBuildConfiguration;
			buildSettings = {
				ARCHS = "$(ARCHS_STANDARD_INCLUDING_64_BIT)";
				BUNDLE_LOADER = "$(BUILT_PRODUCTS_DIR)/Appsterdam.app/Appsterdam";
				FRAMEWORK_SEARCH_PATHS = (
					"$(SDKROOT)/Developer/Library/Frameworks",
					"$(inherited)",
					"$(DEVELOPER_FRAMEWORKS_DIR)",
				);
				GCC_PRECOMPILE_PREFIX_HEADER = YES;
				GCC_PREFIX_HEADER = "Appsterdam/Appsterdam-Prefix.pch";
				INFOPLIST_FILE = "AppsterdamTests/AppsterdamTests-Info.plist";
				PRODUCT_NAME = "$(TARGET_NAME)";
				TEST_HOST = "$(BUNDLE_LOADER)";
				WRAPPER_EXTENSION = xctest;
			};
			name = Release;
		};
/* End XCBuildConfiguration section */

/* Begin XCConfigurationList section */
		BEAA7D24180F4B8500276AA0 /* Build configuration list for PBXProject "Appsterdam" */ = {
			isa = XCConfigurationList;
			buildConfigurations = (
				BEAA7D5C180F4B8500276AA0 /* Debug */,
				BEAA7D5D180F4B8500276AA0 /* Release */,
			);
			defaultConfigurationIsVisible = 0;
			defaultConfigurationName = Release;
		};
		BEAA7D5E180F4B8500276AA0 /* Build configuration list for PBXNativeTarget "Appsterdam" */ = {
			isa = XCConfigurationList;
			buildConfigurations = (
				BEAA7D5F180F4B8500276AA0 /* Debug */,
				BEAA7D60180F4B8500276AA0 /* Release */,
			);
			defaultConfigurationIsVisible = 0;
			defaultConfigurationName = Release;
		};
		BEAA7D61180F4B8500276AA0 /* Build configuration list for PBXNativeTarget "AppsterdamTests" */ = {
			isa = XCConfigurationList;
			buildConfigurations = (
				BEAA7D62180F4B8500276AA0 /* Debug */,
				BEAA7D63180F4B8500276AA0 /* Release */,
			);
			defaultConfigurationIsVisible = 0;
			defaultConfigurationName = Release;
		};
/* End XCConfigurationList section */
	};
	rootObject = BEAA7D21180F4B8500276AA0 /* Project object */;
}
