// !$*UTF8*$!
{
	archiveVersion = 1;
	classes = {
	};
	objectVersion = 46;
	objects = {

/* Begin PBXBuildFile section */
		012D621869B34BE491E73E74 /* libPods.a in Frameworks */ = {isa = PBXBuildFile; fileRef = 8DB5738C4CC14BC6BD0A1C59 /* libPods.a */; };
		4D97ABBB182F9A2A009CCBF2 /* SystemConfiguration.framework in Frameworks */ = {isa = PBXBuildFile; fileRef = BE99646D18240A4E00A9652C /* SystemConfiguration.framework */; };
		4D97ABBC182F9A31009CCBF2 /* MobileCoreServices.framework in Frameworks */ = {isa = PBXBuildFile; fileRef = 4D97F205182F99CC0027291C /* MobileCoreServices.framework */; };
		4DF8D92B183451E500D08356 /* APPOAuthWebViewController.m in Sources */ = {isa = PBXBuildFile; fileRef = 4DF8D928183451E500D08356 /* APPOAuthWebViewController.m */; };
		4DF8D92C183451E500D08356 /* APPMeetupOperationManager.m in Sources */ = {isa = PBXBuildFile; fileRef = 4DF8D92A183451E500D08356 /* APPMeetupOperationManager.m */; };
		4DF8D93018345F8600D08356 /* APPEvent.m in Sources */ = {isa = PBXBuildFile; fileRef = 4DF8D92F18345F8600D08356 /* APPEvent.m */; };
		4DF8D9331834721000D08356 /* APPVenue.m in Sources */ = {isa = PBXBuildFile; fileRef = 4DF8D9321834721000D08356 /* APPVenue.m */; };
		4DF8D9371834CF4900D08356 /* APPTabBarController.m in Sources */ = {isa = PBXBuildFile; fileRef = 4DF8D9361834CF4900D08356 /* APPTabBarController.m */; };
		BE9964661824071800A9652C /* AdSupport.framework in Frameworks */ = {isa = PBXBuildFile; fileRef = BE9964651824071800A9652C /* AdSupport.framework */; };
		BE99647018240A5400A9652C /* QuartzCore.framework in Frameworks */ = {isa = PBXBuildFile; fileRef = BE99646F18240A5400A9652C /* QuartzCore.framework */; };
		BE9B25E4182554EA0093E2B4 /* APPEventViewController.m in Sources */ = {isa = PBXBuildFile; fileRef = BE9B25E1182554EA0093E2B4 /* APPEventViewController.m */; };
		BE9B25E5182554EA0093E2B4 /* APPMapViewController.m in Sources */ = {isa = PBXBuildFile; fileRef = BE9B25E3182554EA0093E2B4 /* APPMapViewController.m */; };
		BEAA7D2D180F4B8500276AA0 /* Foundation.framework in Frameworks */ = {isa = PBXBuildFile; fileRef = BEAA7D2C180F4B8500276AA0 /* Foundation.framework */; };
		BEAA7D2F180F4B8500276AA0 /* CoreGraphics.framework in Frameworks */ = {isa = PBXBuildFile; fileRef = BEAA7D2E180F4B8500276AA0 /* CoreGraphics.framework */; };
		BEAA7D31180F4B8500276AA0 /* UIKit.framework in Frameworks */ = {isa = PBXBuildFile; fileRef = BEAA7D30180F4B8500276AA0 /* UIKit.framework */; };
		BEAA7D37180F4B8500276AA0 /* InfoPlist.strings in Resources */ = {isa = PBXBuildFile; fileRef = BEAA7D35180F4B8500276AA0 /* InfoPlist.strings */; };
		BEAA7D39180F4B8500276AA0 /* main.m in Sources */ = {isa = PBXBuildFile; fileRef = BEAA7D38180F4B8500276AA0 /* main.m */; };
		BEAA7D3D180F4B8500276AA0 /* APPAppDelegate.m in Sources */ = {isa = PBXBuildFile; fileRef = BEAA7D3C180F4B8500276AA0 /* APPAppDelegate.m */; };
		BEAA7D40180F4B8500276AA0 /* Main.storyboard in Resources */ = {isa = PBXBuildFile; fileRef = BEAA7D3E180F4B8500276AA0 /* Main.storyboard */; };
		BEAA7D48180F4B8500276AA0 /* Images.xcassets in Resources */ = {isa = PBXBuildFile; fileRef = BEAA7D47180F4B8500276AA0 /* Images.xcassets */; };
		BEAA7D4F180F4B8500276AA0 /* XCTest.framework in Frameworks */ = {isa = PBXBuildFile; fileRef = BEAA7D4E180F4B8500276AA0 /* XCTest.framework */; };
		BEAA7D50180F4B8500276AA0 /* Foundation.framework in Frameworks */ = {isa = PBXBuildFile; fileRef = BEAA7D2C180F4B8500276AA0 /* Foundation.framework */; };
		BEAA7D51180F4B8500276AA0 /* UIKit.framework in Frameworks */ = {isa = PBXBuildFile; fileRef = BEAA7D30180F4B8500276AA0 /* UIKit.framework */; };
		BEAA7D59180F4B8500276AA0 /* InfoPlist.strings in Resources */ = {isa = PBXBuildFile; fileRef = BEAA7D57180F4B8500276AA0 /* InfoPlist.strings */; };
		BEAA7D5B180F4B8500276AA0 /* AppsterdamTests.m in Sources */ = {isa = PBXBuildFile; fileRef = BEAA7D5A180F4B8500276AA0 /* AppsterdamTests.m */; };
		BEAD231E180FCFE10023E7BB /* APPEventsViewController.m in Sources */ = {isa = PBXBuildFile; fileRef = BEAD231D180FCFE10023E7BB /* APPEventsViewController.m */; };
/* End PBXBuildFile section */

/* Begin PBXContainerItemProxy section */
		BEAA7D52180F4B8500276AA0 /* PBXContainerItemProxy */ = {
			isa = PBXContainerItemProxy;
			containerPortal = BEAA7D21180F4B8500276AA0 /* Project object */;
			proxyType = 1;
			remoteGlobalIDString = BEAA7D28180F4B8500276AA0;
			remoteInfo = Appsterdam;
		};
/* End PBXContainerItemProxy section */

/* Begin PBXFileReference section */
		4D97F203182F99200027291C /* Security.framework */ = {isa = PBXFileReference; lastKnownFileType = wrapper.framework; name = Security.framework; path = System/Library/Frameworks/Security.framework; sourceTree = SDKROOT; };
		4D97F205182F99CC0027291C /* MobileCoreServices.framework */ = {isa = PBXFileReference; lastKnownFileType = wrapper.framework; name = MobileCoreServices.framework; path = System/Library/Frameworks/MobileCoreServices.framework; sourceTree = SDKROOT; };
		4DF8D927183451E500D08356 /* APPOAuthWebViewController.h */ = {isa = PBXFileReference; fileEncoding = 4; lastKnownFileType = sourcecode.c.h; path = APPOAuthWebViewController.h; sourceTree = "<group>"; };
		4DF8D928183451E500D08356 /* APPOAuthWebViewController.m */ = {isa = PBXFileReference; fileEncoding = 4; lastKnownFileType = sourcecode.c.objc; path = APPOAuthWebViewController.m; sourceTree = "<group>"; };
		4DF8D929183451E500D08356 /* APPMeetupOperationManager.h */ = {isa = PBXFileReference; fileEncoding = 4; lastKnownFileType = sourcecode.c.h; path = APPMeetupOperationManager.h; sourceTree = "<group>"; };
		4DF8D92A183451E500D08356 /* APPMeetupOperationManager.m */ = {isa = PBXFileReference; fileEncoding = 4; lastKnownFileType = sourcecode.c.objc; path = APPMeetupOperationManager.m; sourceTree = "<group>"; };
		4DF8D92E18345F8600D08356 /* APPEvent.h */ = {isa = PBXFileReference; fileEncoding = 4; lastKnownFileType = sourcecode.c.h; name = APPEvent.h; path = "/Users/klaas/Documents/spllr/appsterdam/Appsterdam-APp/Appsterdam/Models/APPEvent.h"; sourceTree = "<absolute>"; };
		4DF8D92F18345F8600D08356 /* APPEvent.m */ = {isa = PBXFileReference; fileEncoding = 4; lastKnownFileType = sourcecode.c.objc; name = APPEvent.m; path = "/Users/klaas/Documents/spllr/appsterdam/Appsterdam-APp/Appsterdam/Models/APPEvent.m"; sourceTree = "<absolute>"; };
		4DF8D9311834721000D08356 /* APPVenue.h */ = {isa = PBXFileReference; fileEncoding = 4; lastKnownFileType = sourcecode.c.h; path = APPVenue.h; sourceTree = "<group>"; };
		4DF8D9321834721000D08356 /* APPVenue.m */ = {isa = PBXFileReference; fileEncoding = 4; lastKnownFileType = sourcecode.c.objc; path = APPVenue.m; sourceTree = "<group>"; };
		4DF8D9351834CF4900D08356 /* APPTabBarController.h */ = {isa = PBXFileReference; fileEncoding = 4; lastKnownFileType = sourcecode.c.h; name = APPTabBarController.h; path = ../Controllers/APPTabBarController.h; sourceTree = "<group>"; };
		4DF8D9361834CF4900D08356 /* APPTabBarController.m */ = {isa = PBXFileReference; fileEncoding = 4; lastKnownFileType = sourcecode.c.objc; name = APPTabBarController.m; path = ../Controllers/APPTabBarController.m; sourceTree = "<group>"; };
		6D28F6CEF3E449AB968E2CE5 /* Pods.xcconfig */ = {isa = PBXFileReference; includeInIndex = 1; lastKnownFileType = text.xcconfig; name = Pods.xcconfig; path = Pods/Pods.xcconfig; sourceTree = "<group>"; };
		8DB5738C4CC14BC6BD0A1C59 /* libPods.a */ = {isa = PBXFileReference; explicitFileType = archive.ar; includeInIndex = 0; path = libPods.a; sourceTree = BUILT_PRODUCTS_DIR; };
		BE186CBD182430B6009AA87E /* en */ = {isa = PBXFileReference; lastKnownFileType = text.plist.strings; name = en; path = en.lproj/Main.strings; sourceTree = "<group>"; };
		BE9964651824071800A9652C /* AdSupport.framework */ = {isa = PBXFileReference; lastKnownFileType = wrapper.framework; name = AdSupport.framework; path = System/Library/Frameworks/AdSupport.framework; sourceTree = SDKROOT; };
		BE99646D18240A4E00A9652C /* SystemConfiguration.framework */ = {isa = PBXFileReference; lastKnownFileType = wrapper.framework; name = SystemConfiguration.framework; path = System/Library/Frameworks/SystemConfiguration.framework; sourceTree = SDKROOT; };
		BE99646F18240A5400A9652C /* QuartzCore.framework */ = {isa = PBXFileReference; lastKnownFileType = wrapper.framework; name = QuartzCore.framework; path = System/Library/Frameworks/QuartzCore.framework; sourceTree = SDKROOT; };
		BE9B25E0182554EA0093E2B4 /* APPEventViewController.h */ = {isa = PBXFileReference; fileEncoding = 4; lastKnownFileType = sourcecode.c.h; name = APPEventViewController.h; path = ../Controllers/APPEventViewController.h; sourceTree = "<group>"; };
		BE9B25E1182554EA0093E2B4 /* APPEventViewController.m */ = {isa = PBXFileReference; fileEncoding = 4; lastKnownFileType = sourcecode.c.objc; name = APPEventViewController.m; path = ../Controllers/APPEventViewController.m; sourceTree = "<group>"; };
		BE9B25E2182554EA0093E2B4 /* APPMapViewController.h */ = {isa = PBXFileReference; fileEncoding = 4; lastKnownFileType = sourcecode.c.h; name = APPMapViewController.h; path = ../Controllers/APPMapViewController.h; sourceTree = "<group>"; };
		BE9B25E3182554EA0093E2B4 /* APPMapViewController.m */ = {isa = PBXFileReference; fileEncoding = 4; lastKnownFileType = sourcecode.c.objc; name = APPMapViewController.m; path = ../Controllers/APPMapViewController.m; sourceTree = "<group>"; };
		BEAA7D29180F4B8500276AA0 /* Appsterdam.app */ = {isa = PBXFileReference; explicitFileType = wrapper.application; includeInIndex = 0; path = Appsterdam.app; sourceTree = BUILT_PRODUCTS_DIR; };
		BEAA7D2C180F4B8500276AA0 /* Foundation.framework */ = {isa = PBXFileReference; lastKnownFileType = wrapper.framework; name = Foundation.framework; path = System/Library/Frameworks/Foundation.framework; sourceTree = SDKROOT; };
		BEAA7D2E180F4B8500276AA0 /* CoreGraphics.framework */ = {isa = PBXFileReference; lastKnownFileType = wrapper.framework; name = CoreGraphics.framework; path = System/Library/Frameworks/CoreGraphics.framework; sourceTree = SDKROOT; };
		BEAA7D30180F4B8500276AA0 /* UIKit.framework */ = {isa = PBXFileReference; lastKnownFileType = wrapper.framework; name = UIKit.framework; path = System/Library/Frameworks/UIKit.framework; sourceTree = SDKROOT; };
		BEAA7D34180F4B8500276AA0 /* Appsterdam-Info.plist */ = {isa = PBXFileReference; lastKnownFileType = text.plist.xml; path = "Appsterdam-Info.plist"; sourceTree = "<group>"; };
		BEAA7D36180F4B8500276AA0 /* en */ = {isa = PBXFileReference; lastKnownFileType = text.plist.strings; name = en; path = en.lproj/InfoPlist.strings; sourceTree = "<group>"; };
		BEAA7D38180F4B8500276AA0 /* main.m */ = {isa = PBXFileReference; lastKnownFileType = sourcecode.c.objc; path = main.m; sourceTree = "<group>"; };
		BEAA7D3A180F4B8500276AA0 /* Appsterdam-Prefix.pch */ = {isa = PBXFileReference; lastKnownFileType = sourcecode.c.h; path = "Appsterdam-Prefix.pch"; sourceTree = "<group>"; };
		BEAA7D3B180F4B8500276AA0 /* APPAppDelegate.h */ = {isa = PBXFileReference; lastKnownFileType = sourcecode.c.h; name = APPAppDelegate.h; path = Application/APPAppDelegate.h; sourceTree = "<group>"; };
		BEAA7D3C180F4B8500276AA0 /* APPAppDelegate.m */ = {isa = PBXFileReference; lastKnownFileType = sourcecode.c.objc; name = APPAppDelegate.m; path = Application/APPAppDelegate.m; sourceTree = "<group>"; };
		BEAA7D3F180F4B8500276AA0 /* Base */ = {isa = PBXFileReference; lastKnownFileType = file.storyboard; name = Base; path = Base.lproj/Main.storyboard; sourceTree = "<group>"; };
		BEAA7D47180F4B8500276AA0 /* Images.xcassets */ = {isa = PBXFileReference; lastKnownFileType = folder.assetcatalog; path = Images.xcassets; sourceTree = "<group>"; };
		BEAA7D4D180F4B8500276AA0 /* AppsterdamTests.xctest */ = {isa = PBXFileReference; explicitFileType = wrapper.cfbundle; includeInIndex = 0; path = AppsterdamTests.xctest; sourceTree = BUILT_PRODUCTS_DIR; };
		BEAA7D4E180F4B8500276AA0 /* XCTest.framework */ = {isa = PBXFileReference; lastKnownFileType = wrapper.framework; name = XCTest.framework; path = Library/Frameworks/XCTest.framework; sourceTree = DEVELOPER_DIR; };
		BEAA7D56180F4B8500276AA0 /* AppsterdamTests-Info.plist */ = {isa = PBXFileReference; lastKnownFileType = text.plist.xml; path = "AppsterdamTests-Info.plist"; sourceTree = "<group>"; };
		BEAA7D58180F4B8500276AA0 /* en */ = {isa = PBXFileReference; lastKnownFileType = text.plist.strings; name = en; path = en.lproj/InfoPlist.strings; sourceTree = "<group>"; };
		BEAA7D5A180F4B8500276AA0 /* AppsterdamTests.m */ = {isa = PBXFileReference; lastKnownFileType = sourcecode.c.objc; path = AppsterdamTests.m; sourceTree = "<group>"; };
		BEAA7D81180F52FE00276AA0 /* it */ = {isa = PBXFileReference; lastKnownFileType = text.plist.strings; name = it; path = it.lproj/Main.strings; sourceTree = "<group>"; };
		BEAA7D82180F52FE00276AA0 /* it */ = {isa = PBXFileReference; lastKnownFileType = text.plist.strings; name = it; path = it.lproj/InfoPlist.strings; sourceTree = "<group>"; };
		BEAA7D83180F52FE00276AA0 /* it */ = {isa = PBXFileReference; lastKnownFileType = text.plist.strings; name = it; path = it.lproj/InfoPlist.strings; sourceTree = "<group>"; };
		BEAD231C180FCFE10023E7BB /* APPEventsViewController.h */ = {isa = PBXFileReference; fileEncoding = 4; lastKnownFileType = sourcecode.c.h; path = APPEventsViewController.h; sourceTree = "<group>"; };
		BEAD231D180FCFE10023E7BB /* APPEventsViewController.m */ = {isa = PBXFileReference; fileEncoding = 4; lastKnownFileType = sourcecode.c.objc; path = APPEventsViewController.m; sourceTree = "<group>"; };
/* End PBXFileReference section */

/* Begin PBXFrameworksBuildPhase section */
		BEAA7D26180F4B8500276AA0 /* Frameworks */ = {
			isa = PBXFrameworksBuildPhase;
			buildActionMask = 2147483647;
			files = (
				4D97ABBC182F9A31009CCBF2 /* MobileCoreServices.framework in Frameworks */,
				4D97ABBB182F9A2A009CCBF2 /* SystemConfiguration.framework in Frameworks */,
				BE99647018240A5400A9652C /* QuartzCore.framework in Frameworks */,
				BE9964661824071800A9652C /* AdSupport.framework in Frameworks */,
				BEAA7D2F180F4B8500276AA0 /* CoreGraphics.framework in Frameworks */,
				BEAA7D31180F4B8500276AA0 /* UIKit.framework in Frameworks */,
				BEAA7D2D180F4B8500276AA0 /* Foundation.framework in Frameworks */,
				012D621869B34BE491E73E74 /* libPods.a in Frameworks */,
			);
			runOnlyForDeploymentPostprocessing = 0;
		};
		BEAA7D4A180F4B8500276AA0 /* Frameworks */ = {
			isa = PBXFrameworksBuildPhase;
			buildActionMask = 2147483647;
			files = (
				BEAA7D4F180F4B8500276AA0 /* XCTest.framework in Frameworks */,
				BEAA7D51180F4B8500276AA0 /* UIKit.framework in Frameworks */,
				BEAA7D50180F4B8500276AA0 /* Foundation.framework in Frameworks */,
			);
			runOnlyForDeploymentPostprocessing = 0;
		};
/* End PBXFrameworksBuildPhase section */

/* Begin PBXGroup section */
		4A33B3A11838E64C00AEFE26 /* Application */ = {
			isa = PBXGroup;
			children = (
				BEAA7D3B180F4B8500276AA0 /* APPAppDelegate.h */,
				BEAA7D3C180F4B8500276AA0 /* APPAppDelegate.m */,
				BEAD231C180FCFE10023E7BB /* APPEventsViewController.h */,
				BEAD231D180FCFE10023E7BB /* APPEventsViewController.m */,
				BEAA7D3E180F4B8500276AA0 /* Main.storyboard */,
				BEAA7D47180F4B8500276AA0 /* Images.xcassets */,
			);
			name = Application;
			sourceTree = "<group>";
		};
		4DF8D926183451E500D08356 /* Meetup */ = {
			isa = PBXGroup;
			children = (
				4DF8D927183451E500D08356 /* APPOAuthWebViewController.h */,
				4DF8D928183451E500D08356 /* APPOAuthWebViewController.m */,
				4DF8D929183451E500D08356 /* APPMeetupOperationManager.h */,
				4DF8D92A183451E500D08356 /* APPMeetupOperationManager.m */,
			);
			path = Meetup;
			sourceTree = "<group>";
		};
		4DF8D92D18345F5200D08356 /* Models */ = {
			isa = PBXGroup;
			children = (
				4DF8D92E18345F8600D08356 /* APPEvent.h */,
				4DF8D92F18345F8600D08356 /* APPEvent.m */,
				4DF8D9311834721000D08356 /* APPVenue.h */,
				4DF8D9321834721000D08356 /* APPVenue.m */,
			);
			path = Models;
			sourceTree = "<group>";
		};
		BE9B25DF182554EA0093E2B4 /* Controllers */ = {
			isa = PBXGroup;
			children = (
				4DF8D9351834CF4900D08356 /* APPTabBarController.h */,
				4DF8D9361834CF4900D08356 /* APPTabBarController.m */,
				BE9B25E0182554EA0093E2B4 /* APPEventViewController.h */,
				BE9B25E1182554EA0093E2B4 /* APPEventViewController.m */,
				BE9B25E2182554EA0093E2B4 /* APPMapViewController.h */,
				BE9B25E3182554EA0093E2B4 /* APPMapViewController.m */,
			);
			name = Controllers;
			path = "Single Event";
			sourceTree = "<group>";
		};
		BEAA7D20180F4B8500276AA0 = {
			isa = PBXGroup;
			children = (
				BEAA7D32180F4B8500276AA0 /* Appsterdam */,
				BEAA7D54180F4B8500276AA0 /* AppsterdamTests */,
				BEAA7D2B180F4B8500276AA0 /* Frameworks */,
				BEAA7D2A180F4B8500276AA0 /* Products */,
				6D28F6CEF3E449AB968E2CE5 /* Pods.xcconfig */,
			);
			sourceTree = "<group>";
		};
		BEAA7D2A180F4B8500276AA0 /* Products */ = {
			isa = PBXGroup;
			children = (
				BEAA7D29180F4B8500276AA0 /* Appsterdam.app */,
				BEAA7D4D180F4B8500276AA0 /* AppsterdamTests.xctest */,
			);
			name = Products;
			sourceTree = "<group>";
		};
		BEAA7D2B180F4B8500276AA0 /* Frameworks */ = {
			isa = PBXGroup;
			children = (
				4D97F205182F99CC0027291C /* MobileCoreServices.framework */,
				4D97F203182F99200027291C /* Security.framework */,
				BE99646F18240A5400A9652C /* QuartzCore.framework */,
				BE99646D18240A4E00A9652C /* SystemConfiguration.framework */,
				BE9964651824071800A9652C /* AdSupport.framework */,
				BEAA7D2C180F4B8500276AA0 /* Foundation.framework */,
				BEAA7D2E180F4B8500276AA0 /* CoreGraphics.framework */,
				BEAA7D30180F4B8500276AA0 /* UIKit.framework */,
				BEAA7D4E180F4B8500276AA0 /* XCTest.framework */,
				8DB5738C4CC14BC6BD0A1C59 /* libPods.a */,
			);
			name = Frameworks;
			sourceTree = "<group>";
		};
		BEAA7D32180F4B8500276AA0 /* Appsterdam */ = {
			isa = PBXGroup;
			children = (
				4A33B3A11838E64C00AEFE26 /* Application */,
				BE9B25DF182554EA0093E2B4 /* Controllers */,
				4DF8D926183451E500D08356 /* Meetup */,
				4DF8D92D18345F5200D08356 /* Models */,
				BEAA7D33180F4B8500276AA0 /* Supporting Files */,
			);
			path = Appsterdam;
			sourceTree = "<group>";
		};
		BEAA7D33180F4B8500276AA0 /* Supporting Files */ = {
			isa = PBXGroup;
			children = (
				BEAA7D34180F4B8500276AA0 /* Appsterdam-Info.plist */,
				BEAA7D35180F4B8500276AA0 /* InfoPlist.strings */,
				BEAA7D38180F4B8500276AA0 /* main.m */,
				BEAA7D3A180F4B8500276AA0 /* Appsterdam-Prefix.pch */,
			);
			name = "Supporting Files";
			sourceTree = "<group>";
		};
		BEAA7D54180F4B8500276AA0 /* AppsterdamTests */ = {
			isa = PBXGroup;
			children = (
				BEAA7D5A180F4B8500276AA0 /* AppsterdamTests.m */,
				BEAA7D55180F4B8500276AA0 /* Supporting Files */,
			);
			path = AppsterdamTests;
			sourceTree = "<group>";
		};
		BEAA7D55180F4B8500276AA0 /* Supporting Files */ = {
			isa = PBXGroup;
			children = (
				BEAA7D56180F4B8500276AA0 /* AppsterdamTests-Info.plist */,
				BEAA7D57180F4B8500276AA0 /* InfoPlist.strings */,
			);
			name = "Supporting Files";
			sourceTree = "<group>";
		};
/* End PBXGroup section */

/* Begin PBXNativeTarget section */
		BEAA7D28180F4B8500276AA0 /* Appsterdam */ = {
			isa = PBXNativeTarget;
			buildConfigurationList = BEAA7D5E180F4B8500276AA0 /* Build configuration list for PBXNativeTarget "Appsterdam" */;
			buildPhases = (
				B85B06E9B61D42CFB945F75C /* Check Pods Manifest.lock */,
				BEAA7D25180F4B8500276AA0 /* Sources */,
				BEAA7D26180F4B8500276AA0 /* Frameworks */,
				BEAA7D27180F4B8500276AA0 /* Resources */,
				44C50833DD64433EB98EEF33 /* Copy Pods Resources */,
			);
			buildRules = (
			);
			dependencies = (
			);
			name = Appsterdam;
			productName = Appsterdam;
			productReference = BEAA7D29180F4B8500276AA0 /* Appsterdam.app */;
			productType = "com.apple.product-type.application";
		};
		BEAA7D4C180F4B8500276AA0 /* AppsterdamTests */ = {
			isa = PBXNativeTarget;
			buildConfigurationList = BEAA7D61180F4B8500276AA0 /* Build configuration list for PBXNativeTarget "AppsterdamTests" */;
			buildPhases = (
				BEAA7D49180F4B8500276AA0 /* Sources */,
				BEAA7D4A180F4B8500276AA0 /* Frameworks */,
				BEAA7D4B180F4B8500276AA0 /* Resources */,
			);
			buildRules = (
			);
			dependencies = (
				BEAA7D53180F4B8500276AA0 /* PBXTargetDependency */,
			);
			name = AppsterdamTests;
			productName = AppsterdamTests;
			productReference = BEAA7D4D180F4B8500276AA0 /* AppsterdamTests.xctest */;
			productType = "com.apple.product-type.bundle.unit-test";
		};
/* End PBXNativeTarget section */

/* Begin PBXProject section */
		BEAA7D21180F4B8500276AA0 /* Project object */ = {
			isa = PBXProject;
			attributes = {
				CLASSPREFIX = APP;
				LastUpgradeCheck = 0500;
				ORGANIZATIONNAME = "Alessio Roberto";
				TargetAttributes = {
					BEAA7D4C180F4B8500276AA0 = {
						TestTargetID = BEAA7D28180F4B8500276AA0;
					};
				};
			};
			buildConfigurationList = BEAA7D24180F4B8500276AA0 /* Build configuration list for PBXProject "Appsterdam" */;
			compatibilityVersion = "Xcode 3.2";
			developmentRegion = English;
			hasScannedForEncodings = 0;
			knownRegions = (
				en,
				Base,
				it,
			);
			mainGroup = BEAA7D20180F4B8500276AA0;
			productRefGroup = BEAA7D2A180F4B8500276AA0 /* Products */;
			projectDirPath = "";
			projectRoot = "";
			targets = (
				BEAA7D28180F4B8500276AA0 /* Appsterdam */,
				BEAA7D4C180F4B8500276AA0 /* AppsterdamTests */,
			);
		};
/* End PBXProject section */

/* Begin PBXResourcesBuildPhase section */
		BEAA7D27180F4B8500276AA0 /* Resources */ = {
			isa = PBXResourcesBuildPhase;
			buildActionMask = 2147483647;
			files = (
				BEAA7D48180F4B8500276AA0 /* Images.xcassets in Resources */,
				BEAA7D37180F4B8500276AA0 /* InfoPlist.strings in Resources */,
				BEAA7D40180F4B8500276AA0 /* Main.storyboard in Resources */,
			);
			runOnlyForDeploymentPostprocessing = 0;
		};
		BEAA7D4B180F4B8500276AA0 /* Resources */ = {
			isa = PBXResourcesBuildPhase;
			buildActionMask = 2147483647;
			files = (
				BEAA7D59180F4B8500276AA0 /* InfoPlist.strings in Resources */,
			);
			runOnlyForDeploymentPostprocessing = 0;
		};
/* End PBXResourcesBuildPhase section */

/* Begin PBXShellScriptBuildPhase section */
		44C50833DD64433EB98EEF33 /* Copy Pods Resources */ = {
			isa = PBXShellScriptBuildPhase;
			buildActionMask = 2147483647;
			files = (
			);
			inputPaths = (
			);
			name = "Copy Pods Resources";
			outputPaths = (
			);
			runOnlyForDeploymentPostprocessing = 0;
			shellPath = /bin/sh;
			shellScript = "\"${SRCROOT}/Pods/Pods-resources.sh\"\n";
			showEnvVarsInLog = 0;
		};
		B85B06E9B61D42CFB945F75C /* Check Pods Manifest.lock */ = {
			isa = PBXShellScriptBuildPhase;
			buildActionMask = 2147483647;
			files = (
			);
			inputPaths = (
			);
			name = "Check Pods Manifest.lock";
			outputPaths = (
			);
			runOnlyForDeploymentPostprocessing = 0;
			shellPath = /bin/sh;
			shellScript = "diff \"${PODS_ROOT}/../Podfile.lock\" \"${PODS_ROOT}/Manifest.lock\" > /dev/null\nif [[ $? != 0 ]] ; then\n    cat << EOM\nerror: The sandbox is not in sync with the Podfile.lock. Run 'pod install' or update your CocoaPods installation.\nEOM\n    exit 1\nfi\n";
			showEnvVarsInLog = 0;
		};
/* End PBXShellScriptBuildPhase section */

/* Begin PBXSourcesBuildPhase section */
		BEAA7D25180F4B8500276AA0 /* Sources */ = {
			isa = PBXSourcesBuildPhase;
			buildActionMask = 2147483647;
			files = (
				BEAD231E180FCFE10023E7BB /* APPEventsViewController.m in Sources */,
				4DF8D93018345F8600D08356 /* APPEvent.m in Sources */,
				4DF8D92B183451E500D08356 /* APPOAuthWebViewController.m in Sources */,
				4DF8D92C183451E500D08356 /* APPMeetupOperationManager.m in Sources */,
				BEAA7D3D180F4B8500276AA0 /* APPAppDelegate.m in Sources */,
				4DF8D9331834721000D08356 /* APPVenue.m in Sources */,
				BE9B25E4182554EA0093E2B4 /* APPEventViewController.m in Sources */,
				BEAA7D39180F4B8500276AA0 /* main.m in Sources */,
				4DF8D9371834CF4900D08356 /* APPTabBarController.m in Sources */,
				BE9B25E5182554EA0093E2B4 /* APPMapViewController.m in Sources */,
			);
			runOnlyForDeploymentPostprocessing = 0;
		};
		BEAA7D49180F4B8500276AA0 /* Sources */ = {
			isa = PBXSourcesBuildPhase;
			buildActionMask = 2147483647;
			files = (
				BEAA7D5B180F4B8500276AA0 /* AppsterdamTests.m in Sources */,
			);
			runOnlyForDeploymentPostprocessing = 0;
		};
/* End PBXSourcesBuildPhase section */

/* Begin PBXTargetDependency section */
		BEAA7D53180F4B8500276AA0 /* PBXTargetDependency */ = {
			isa = PBXTargetDependency;
			target = BEAA7D28180F4B8500276AA0 /* Appsterdam */;
			targetProxy = BEAA7D52180F4B8500276AA0 /* PBXContainerItemProxy */;
		};
/* End PBXTargetDependency section */

/* Begin PBXVariantGroup section */
		BEAA7D35180F4B8500276AA0 /* InfoPlist.strings */ = {
			isa = PBXVariantGroup;
			children = (
				BEAA7D36180F4B8500276AA0 /* en */,
				BEAA7D82180F52FE00276AA0 /* it */,
			);
			name = InfoPlist.strings;
			sourceTree = "<group>";
		};
		BEAA7D3E180F4B8500276AA0 /* Main.storyboard */ = {
			isa = PBXVariantGroup;
			children = (
				BEAA7D3F180F4B8500276AA0 /* Base */,
				BEAA7D81180F52FE00276AA0 /* it */,
				BE186CBD182430B6009AA87E /* en */,
			);
			name = Main.storyboard;
			sourceTree = "<group>";
		};
		BEAA7D57180F4B8500276AA0 /* InfoPlist.strings */ = {
			isa = PBXVariantGroup;
			children = (
				BEAA7D58180F4B8500276AA0 /* en */,
				BEAA7D83180F52FE00276AA0 /* it */,
			);
			name = InfoPlist.strings;
			sourceTree = "<group>";
		};
/* End PBXVariantGroup section */

/* Begin XCBuildConfiguration section */
		BEAA7D5C180F4B8500276AA0 /* Debug */ = {
			isa = XCBuildConfiguration;
			buildSettings = {
				ALWAYS_SEARCH_USER_PATHS = NO;
				ARCHS = "$(ARCHS_STANDARD)";
				CLANG_CXX_LANGUAGE_STANDARD = "gnu++0x";
				CLANG_CXX_LIBRARY = "libc++";
				CLANG_ENABLE_MODULES = YES;
				CLANG_ENABLE_OBJC_ARC = YES;
				CLANG_WARN_BOOL_CONVERSION = YES;
				CLANG_WARN_CONSTANT_CONVERSION = YES;
				CLANG_WARN_DIRECT_OBJC_ISA_USAGE = YES_ERROR;
				CLANG_WARN_EMPTY_BODY = YES;
				CLANG_WARN_ENUM_CONVERSION = YES;
				CLANG_WARN_INT_CONVERSION = YES;
				CLANG_WARN_OBJC_ROOT_CLASS = YES_ERROR;
				CLANG_WARN__DUPLICATE_METHOD_MATCH = YES;
				"CODE_SIGN_IDENTITY[sdk=iphoneos*]" = "iPhone Developer";
				COPY_PHASE_STRIP = NO;
				GCC_C_LANGUAGE_STANDARD = gnu99;
				GCC_DYNAMIC_NO_PIC = NO;
				GCC_OPTIMIZATION_LEVEL = 0;
				GCC_PREPROCESSOR_DEFINITIONS = (
					"DEBUG=1",
					"$(inherited)",
				);
				GCC_SYMBOLS_PRIVATE_EXTERN = NO;
				GCC_WARN_64_TO_32_BIT_CONVERSION = YES;
				GCC_WARN_ABOUT_RETURN_TYPE = YES_ERROR;
				GCC_WARN_UNDECLARED_SELECTOR = YES;
				GCC_WARN_UNINITIALIZED_AUTOS = YES;
				GCC_WARN_UNUSED_FUNCTION = YES;
				GCC_WARN_UNUSED_VARIABLE = YES;
				IPHONEOS_DEPLOYMENT_TARGET = 7.0;
				ONLY_ACTIVE_ARCH = YES;
				SDKROOT = iphoneos;
			};
			name = Debug;
		};
		BEAA7D5D180F4B8500276AA0 /* Release */ = {
			isa = XCBuildConfiguration;
			buildSettings = {
				ALWAYS_SEARCH_USER_PATHS = NO;
				ARCHS = "$(ARCHS_STANDARD)";
				CLANG_CXX_LANGUAGE_STANDARD = "gnu++0x";
				CLANG_CXX_LIBRARY = "libc++";
				CLANG_ENABLE_MODULES = YES;
				CLANG_ENABLE_OBJC_ARC = YES;
				CLANG_WARN_BOOL_CONVERSION = YES;
				CLANG_WARN_CONSTANT_CONVERSION = YES;
				CLANG_WARN_DIRECT_OBJC_ISA_USAGE = YES_ERROR;
				CLANG_WARN_EMPTY_BODY = YES;
				CLANG_WARN_ENUM_CONVERSION = YES;
				CLANG_WARN_INT_CONVERSION = YES;
				CLANG_WARN_OBJC_ROOT_CLASS = YES_ERROR;
				CLANG_WARN__DUPLICATE_METHOD_MATCH = YES;
				"CODE_SIGN_IDENTITY[sdk=iphoneos*]" = "iPhone Developer";
				COPY_PHASE_STRIP = YES;
				ENABLE_NS_ASSERTIONS = NO;
				GCC_C_LANGUAGE_STANDARD = gnu99;
				GCC_WARN_64_TO_32_BIT_CONVERSION = YES;
				GCC_WARN_ABOUT_RETURN_TYPE = YES_ERROR;
				GCC_WARN_UNDECLARED_SELECTOR = YES;
				GCC_WARN_UNINITIALIZED_AUTOS = YES;
				GCC_WARN_UNUSED_FUNCTION = YES;
				GCC_WARN_UNUSED_VARIABLE = YES;
				IPHONEOS_DEPLOYMENT_TARGET = 7.0;
				SDKROOT = iphoneos;
				VALIDATE_PRODUCT = YES;
			};
			name = Release;
		};
		BEAA7D5F180F4B8500276AA0 /* Debug */ = {
			isa = XCBuildConfiguration;
			baseConfigurationReference = 6D28F6CEF3E449AB968E2CE5 /* Pods.xcconfig */;
			buildSettings = {
				ASSETCATALOG_COMPILER_APPICON_NAME = AppIcon;
				ASSETCATALOG_COMPILER_LAUNCHIMAGE_NAME = LaunchImage;
				FRAMEWORK_SEARCH_PATHS = "$(inherited)";
				GCC_PRECOMPILE_PREFIX_HEADER = YES;
				GCC_PREFIX_HEADER = "Appsterdam/Appsterdam-Prefix.pch";
				INFOPLIST_FILE = "Appsterdam/Appsterdam-Info.plist";
				IPHONEOS_DEPLOYMENT_TARGET = 7.0;
				PRODUCT_NAME = "$(TARGET_NAME)";
				WRAPPER_EXTENSION = app;
			};
			name = Debug;
		};
		BEAA7D60180F4B8500276AA0 /* Release */ = {
			isa = XCBuildConfiguration;
			baseConfigurationReference = 6D28F6CEF3E449AB968E2CE5 /* Pods.xcconfig */;
			buildSettings = {
				ASSETCATALOG_COMPILER_APPICON_NAME = AppIcon;
				ASSETCATALOG_COMPILER_LAUNCHIMAGE_NAME = LaunchImage;
				FRAMEWORK_SEARCH_PATHS = "$(inherited)";
				GCC_PRECOMPILE_PREFIX_HEADER = YES;
				GCC_PREFIX_HEADER = "Appsterdam/Appsterdam-Prefix.pch";
				INFOPLIST_FILE = "Appsterdam/Appsterdam-Info.plist";
				IPHONEOS_DEPLOYMENT_TARGET = 7.0;
				PRODUCT_NAME = "$(TARGET_NAME)";
				WRAPPER_EXTENSION = app;
			};
			name = Release;
		};
		BEAA7D62180F4B8500276AA0 /* Debug */ = {
			isa = XCBuildConfiguration;
			buildSettings = {
				ARCHS = "$(ARCHS_STANDARD_INCLUDING_64_BIT)";
				BUNDLE_LOADER = "$(BUILT_PRODUCTS_DIR)/Appsterdam.app/Appsterdam";
				FRAMEWORK_SEARCH_PATHS = (
					"$(SDKROOT)/Developer/Library/Frameworks",
					"$(inherited)",
					"$(DEVELOPER_FRAMEWORKS_DIR)",
				);
				GCC_PRECOMPILE_PREFIX_HEADER = YES;
				GCC_PREFIX_HEADER = "Appsterdam/Appsterdam-Prefix.pch";
				GCC_PREPROCESSOR_DEFINITIONS = (
					"DEBUG=1",
					"$(inherited)",
				);
				INFOPLIST_FILE = "AppsterdamTests/AppsterdamTests-Info.plist";
				PRODUCT_NAME = "$(TARGET_NAME)";
				TEST_HOST = "$(BUNDLE_LOADER)";
				WRAPPER_EXTENSION = xctest;
			};
			name = Debug;
		};
		BEAA7D63180F4B8500276AA0 /* Release */ = {
			isa = XCBuildConfiguration;
			buildSettings = {
				ARCHS = "$(ARCHS_STANDARD_INCLUDING_64_BIT)";
				BUNDLE_LOADER = "$(BUILT_PRODUCTS_DIR)/Appsterdam.app/Appsterdam";
				FRAMEWORK_SEARCH_PATHS = (
					"$(SDKROOT)/Developer/Library/Frameworks",
					"$(inherited)",
					"$(DEVELOPER_FRAMEWORKS_DIR)",
				);
				GCC_PRECOMPILE_PREFIX_HEADER = YES;
				GCC_PREFIX_HEADER = "Appsterdam/Appsterdam-Prefix.pch";
				INFOPLIST_FILE = "AppsterdamTests/AppsterdamTests-Info.plist";
				PRODUCT_NAME = "$(TARGET_NAME)";
				TEST_HOST = "$(BUNDLE_LOADER)";
				WRAPPER_EXTENSION = xctest;
			};
			name = Release;
		};
/* End XCBuildConfiguration section */

/* Begin XCConfigurationList section */
		BEAA7D24180F4B8500276AA0 /* Build configuration list for PBXProject "Appsterdam" */ = {
			isa = XCConfigurationList;
			buildConfigurations = (
				BEAA7D5C180F4B8500276AA0 /* Debug */,
				BEAA7D5D180F4B8500276AA0 /* Release */,
			);
			defaultConfigurationIsVisible = 0;
			defaultConfigurationName = Release;
		};
		BEAA7D5E180F4B8500276AA0 /* Build configuration list for PBXNativeTarget "Appsterdam" */ = {
			isa = XCConfigurationList;
			buildConfigurations = (
				BEAA7D5F180F4B8500276AA0 /* Debug */,
				BEAA7D60180F4B8500276AA0 /* Release */,
			);
			defaultConfigurationIsVisible = 0;
			defaultConfigurationName = Release;
		};
		BEAA7D61180F4B8500276AA0 /* Build configuration list for PBXNativeTarget "AppsterdamTests" */ = {
			isa = XCConfigurationList;
			buildConfigurations = (
				BEAA7D62180F4B8500276AA0 /* Debug */,
				BEAA7D63180F4B8500276AA0 /* Release */,
			);
			defaultConfigurationIsVisible = 0;
			defaultConfigurationName = Release;
		};
/* End XCConfigurationList section */
	};
	rootObject = BEAA7D21180F4B8500276AA0 /* Project object */;
}
